// !$*UTF8*$!
{
	archiveVersion = 1;
	classes = {
	};
	objectVersion = 46;
	objects = {

/* Begin PBXBuildFile section */
		6D6D28BD1411608600B7EA19 /* UIKit.framework in Frameworks */ = {isa = PBXBuildFile; fileRef = 6D6D28BC1411608600B7EA19 /* UIKit.framework */; };
		6D6D28BF1411608600B7EA19 /* Foundation.framework in Frameworks */ = {isa = PBXBuildFile; fileRef = 6D6D28BE1411608600B7EA19 /* Foundation.framework */; };
		6D6D28C11411608600B7EA19 /* CoreGraphics.framework in Frameworks */ = {isa = PBXBuildFile; fileRef = 6D6D28C01411608600B7EA19 /* CoreGraphics.framework */; };
		6D6D28C71411608600B7EA19 /* InfoPlist.strings in Resources */ = {isa = PBXBuildFile; fileRef = 6D6D28C51411608600B7EA19 /* InfoPlist.strings */; };
		6D6D28C91411608600B7EA19 /* main.m in Sources */ = {isa = PBXBuildFile; fileRef = 6D6D28C81411608600B7EA19 /* main.m */; };
		6D6D28CD1411608600B7EA19 /* AutoMagicCoding_iOSAppDelegate.m in Sources */ = {isa = PBXBuildFile; fileRef = 6D6D28CC1411608600B7EA19 /* AutoMagicCoding_iOSAppDelegate.m */; };
		6D6D28D11411608600B7EA19 /* AutoMagicCoding_iOSAppDelegate_iPhone.m in Sources */ = {isa = PBXBuildFile; fileRef = 6D6D28D01411608600B7EA19 /* AutoMagicCoding_iOSAppDelegate_iPhone.m */; };
		6D6D28D41411608600B7EA19 /* MainWindow_iPhone.xib in Resources */ = {isa = PBXBuildFile; fileRef = 6D6D28D21411608600B7EA19 /* MainWindow_iPhone.xib */; };
		6D6D28D81411608600B7EA19 /* AutoMagicCoding_iOSAppDelegate_iPad.m in Sources */ = {isa = PBXBuildFile; fileRef = 6D6D28D71411608600B7EA19 /* AutoMagicCoding_iOSAppDelegate_iPad.m */; };
		6D6D28DB1411608600B7EA19 /* MainWindow_iPad.xib in Resources */ = {isa = PBXBuildFile; fileRef = 6D6D28D91411608600B7EA19 /* MainWindow_iPad.xib */; };
		6D6D28E31411608600B7EA19 /* SenTestingKit.framework in Frameworks */ = {isa = PBXBuildFile; fileRef = 6D6D28E21411608600B7EA19 /* SenTestingKit.framework */; };
		6D6D28E41411608600B7EA19 /* UIKit.framework in Frameworks */ = {isa = PBXBuildFile; fileRef = 6D6D28BC1411608600B7EA19 /* UIKit.framework */; };
		6D6D28E51411608600B7EA19 /* Foundation.framework in Frameworks */ = {isa = PBXBuildFile; fileRef = 6D6D28BE1411608600B7EA19 /* Foundation.framework */; };
		6D6D28E61411608600B7EA19 /* CoreGraphics.framework in Frameworks */ = {isa = PBXBuildFile; fileRef = 6D6D28C01411608600B7EA19 /* CoreGraphics.framework */; };
		6D6D28EE1411608600B7EA19 /* InfoPlist.strings in Resources */ = {isa = PBXBuildFile; fileRef = 6D6D28EC1411608600B7EA19 /* InfoPlist.strings */; };
		6D6D290D1411610700B7EA19 /* FooWithMutableCollections.m in Sources */ = {isa = PBXBuildFile; fileRef = 6D6D29061411610700B7EA19 /* FooWithMutableCollections.m */; };
		6D6D290E1411610700B7EA19 /* FooWithCollections.m in Sources */ = {isa = PBXBuildFile; fileRef = 6D6D29081411610700B7EA19 /* FooWithCollections.m */; };
		6D6D290F1411610700B7EA19 /* Foo.m in Sources */ = {isa = PBXBuildFile; fileRef = 6D6D290A1411610700B7EA19 /* Foo.m */; };
		6D6D29101411610700B7EA19 /* Bar.m in Sources */ = {isa = PBXBuildFile; fileRef = 6D6D290C1411610700B7EA19 /* Bar.m */; };
		6D6D29171411611400B7EA19 /* AMCTest.m in Sources */ = {isa = PBXBuildFile; fileRef = 6D6D29121411611400B7EA19 /* AMCTest.m */; };
		6D6D29181411611400B7EA19 /* AMCTestSimple.m in Sources */ = {isa = PBXBuildFile; fileRef = 6D6D29141411611400B7EA19 /* AMCTestSimple.m */; };
		6D6D29191411611400B7EA19 /* AMCCollectionsTest.m in Sources */ = {isa = PBXBuildFile; fileRef = 6D6D29161411611400B7EA19 /* AMCCollectionsTest.m */; };
		6D6D291C1411613500B7EA19 /* NSObject+AutomagicCoding.m in Sources */ = {isa = PBXBuildFile; fileRef = 6D6D291B1411613500B7EA19 /* NSObject+AutomagicCoding.m */; };
		6D6D291D1411613500B7EA19 /* NSObject+AutomagicCoding.m in Sources */ = {isa = PBXBuildFile; fileRef = 6D6D291B1411613500B7EA19 /* NSObject+AutomagicCoding.m */; };
/* End PBXBuildFile section */

/* Begin PBXContainerItemProxy section */
		6D6D28E71411608600B7EA19 /* PBXContainerItemProxy */ = {
			isa = PBXContainerItemProxy;
			containerPortal = 6D6D28AF1411608600B7EA19 /* Project object */;
			proxyType = 1;
			remoteGlobalIDString = 6D6D28B71411608600B7EA19;
			remoteInfo = "AutoMagicCoding-iOS";
		};
/* End PBXContainerItemProxy section */

/* Begin PBXFileReference section */
		6D6D28B81411608600B7EA19 /* AutoMagicCoding-iOS.app */ = {isa = PBXFileReference; explicitFileType = wrapper.application; includeInIndex = 0; path = "AutoMagicCoding-iOS.app"; sourceTree = BUILT_PRODUCTS_DIR; };
		6D6D28BC1411608600B7EA19 /* UIKit.framework */ = {isa = PBXFileReference; lastKnownFileType = wrapper.framework; name = UIKit.framework; path = System/Library/Frameworks/UIKit.framework; sourceTree = SDKROOT; };
		6D6D28BE1411608600B7EA19 /* Foundation.framework */ = {isa = PBXFileReference; lastKnownFileType = wrapper.framework; name = Foundation.framework; path = System/Library/Frameworks/Foundation.framework; sourceTree = SDKROOT; };
		6D6D28C01411608600B7EA19 /* CoreGraphics.framework */ = {isa = PBXFileReference; lastKnownFileType = wrapper.framework; name = CoreGraphics.framework; path = System/Library/Frameworks/CoreGraphics.framework; sourceTree = SDKROOT; };
		6D6D28C41411608600B7EA19 /* AutoMagicCoding-iOS-Info.plist */ = {isa = PBXFileReference; lastKnownFileType = text.plist.xml; path = "AutoMagicCoding-iOS-Info.plist"; sourceTree = "<group>"; };
		6D6D28C61411608600B7EA19 /* en */ = {isa = PBXFileReference; lastKnownFileType = text.plist.strings; name = en; path = en.lproj/InfoPlist.strings; sourceTree = "<group>"; };
		6D6D28C81411608600B7EA19 /* main.m */ = {isa = PBXFileReference; lastKnownFileType = sourcecode.c.objc; path = main.m; sourceTree = "<group>"; };
		6D6D28CA1411608600B7EA19 /* AutoMagicCoding-iOS-Prefix.pch */ = {isa = PBXFileReference; lastKnownFileType = sourcecode.c.h; path = "AutoMagicCoding-iOS-Prefix.pch"; sourceTree = "<group>"; };
		6D6D28CB1411608600B7EA19 /* AutoMagicCoding_iOSAppDelegate.h */ = {isa = PBXFileReference; lastKnownFileType = sourcecode.c.h; path = AutoMagicCoding_iOSAppDelegate.h; sourceTree = "<group>"; };
		6D6D28CC1411608600B7EA19 /* AutoMagicCoding_iOSAppDelegate.m */ = {isa = PBXFileReference; lastKnownFileType = sourcecode.c.objc; path = AutoMagicCoding_iOSAppDelegate.m; sourceTree = "<group>"; };
		6D6D28CF1411608600B7EA19 /* AutoMagicCoding_iOSAppDelegate_iPhone.h */ = {isa = PBXFileReference; lastKnownFileType = sourcecode.c.h; name = AutoMagicCoding_iOSAppDelegate_iPhone.h; path = iPhone/AutoMagicCoding_iOSAppDelegate_iPhone.h; sourceTree = "<group>"; };
		6D6D28D01411608600B7EA19 /* AutoMagicCoding_iOSAppDelegate_iPhone.m */ = {isa = PBXFileReference; lastKnownFileType = sourcecode.c.objc; name = AutoMagicCoding_iOSAppDelegate_iPhone.m; path = iPhone/AutoMagicCoding_iOSAppDelegate_iPhone.m; sourceTree = "<group>"; };
		6D6D28D31411608600B7EA19 /* en */ = {isa = PBXFileReference; lastKnownFileType = file.xib; name = en; path = iPhone/en.lproj/MainWindow_iPhone.xib; sourceTree = "<group>"; };
		6D6D28D61411608600B7EA19 /* AutoMagicCoding_iOSAppDelegate_iPad.h */ = {isa = PBXFileReference; lastKnownFileType = sourcecode.c.h; name = AutoMagicCoding_iOSAppDelegate_iPad.h; path = iPad/AutoMagicCoding_iOSAppDelegate_iPad.h; sourceTree = "<group>"; };
		6D6D28D71411608600B7EA19 /* AutoMagicCoding_iOSAppDelegate_iPad.m */ = {isa = PBXFileReference; lastKnownFileType = sourcecode.c.objc; name = AutoMagicCoding_iOSAppDelegate_iPad.m; path = iPad/AutoMagicCoding_iOSAppDelegate_iPad.m; sourceTree = "<group>"; };
		6D6D28DA1411608600B7EA19 /* en */ = {isa = PBXFileReference; lastKnownFileType = file.xib; name = en; path = iPad/en.lproj/MainWindow_iPad.xib; sourceTree = "<group>"; };
		6D6D28E11411608600B7EA19 /* AutoMagicCoding-iOSTests.octest */ = {isa = PBXFileReference; explicitFileType = wrapper.cfbundle; includeInIndex = 0; path = "AutoMagicCoding-iOSTests.octest"; sourceTree = BUILT_PRODUCTS_DIR; };
		6D6D28E21411608600B7EA19 /* SenTestingKit.framework */ = {isa = PBXFileReference; lastKnownFileType = wrapper.framework; name = SenTestingKit.framework; path = Library/Frameworks/SenTestingKit.framework; sourceTree = DEVELOPER_DIR; };
		6D6D28EB1411608600B7EA19 /* AutoMagicCoding-iOSTests-Info.plist */ = {isa = PBXFileReference; lastKnownFileType = text.plist.xml; path = "AutoMagicCoding-iOSTests-Info.plist"; sourceTree = "<group>"; };
		6D6D28ED1411608600B7EA19 /* en */ = {isa = PBXFileReference; lastKnownFileType = text.plist.strings; name = en; path = en.lproj/InfoPlist.strings; sourceTree = "<group>"; };
		6D6D29051411610700B7EA19 /* FooWithMutableCollections.h */ = {isa = PBXFileReference; fileEncoding = 4; lastKnownFileType = sourcecode.c.h; path = FooWithMutableCollections.h; sourceTree = "<group>"; };
		6D6D29061411610700B7EA19 /* FooWithMutableCollections.m */ = {isa = PBXFileReference; fileEncoding = 4; lastKnownFileType = sourcecode.c.objc; path = FooWithMutableCollections.m; sourceTree = "<group>"; };
		6D6D29071411610700B7EA19 /* FooWithCollections.h */ = {isa = PBXFileReference; fileEncoding = 4; lastKnownFileType = sourcecode.c.h; path = FooWithCollections.h; sourceTree = "<group>"; };
		6D6D29081411610700B7EA19 /* FooWithCollections.m */ = {isa = PBXFileReference; fileEncoding = 4; lastKnownFileType = sourcecode.c.objc; path = FooWithCollections.m; sourceTree = "<group>"; };
		6D6D29091411610700B7EA19 /* Foo.h */ = {isa = PBXFileReference; fileEncoding = 4; lastKnownFileType = sourcecode.c.h; path = Foo.h; sourceTree = "<group>"; };
		6D6D290A1411610700B7EA19 /* Foo.m */ = {isa = PBXFileReference; fileEncoding = 4; lastKnownFileType = sourcecode.c.objc; path = Foo.m; sourceTree = "<group>"; };
		6D6D290B1411610700B7EA19 /* Bar.h */ = {isa = PBXFileReference; fileEncoding = 4; lastKnownFileType = sourcecode.c.h; path = Bar.h; sourceTree = "<group>"; };
		6D6D290C1411610700B7EA19 /* Bar.m */ = {isa = PBXFileReference; fileEncoding = 4; lastKnownFileType = sourcecode.c.objc; path = Bar.m; sourceTree = "<group>"; };
		6D6D29111411611400B7EA19 /* AMCTest.h */ = {isa = PBXFileReference; fileEncoding = 4; lastKnownFileType = sourcecode.c.h; name = AMCTest.h; path = ../../AutomagicCodingTests/AMCTest.h; sourceTree = "<group>"; };
		6D6D29121411611400B7EA19 /* AMCTest.m */ = {isa = PBXFileReference; fileEncoding = 4; lastKnownFileType = sourcecode.c.objc; name = AMCTest.m; path = ../../AutomagicCodingTests/AMCTest.m; sourceTree = "<group>"; };
		6D6D29131411611400B7EA19 /* AMCTestSimple.h */ = {isa = PBXFileReference; fileEncoding = 4; lastKnownFileType = sourcecode.c.h; name = AMCTestSimple.h; path = ../../AutomagicCodingTests/AMCTestSimple.h; sourceTree = "<group>"; };
		6D6D29141411611400B7EA19 /* AMCTestSimple.m */ = {isa = PBXFileReference; fileEncoding = 4; lastKnownFileType = sourcecode.c.objc; name = AMCTestSimple.m; path = ../../AutomagicCodingTests/AMCTestSimple.m; sourceTree = "<group>"; };
		6D6D29151411611400B7EA19 /* AMCCollectionsTest.h */ = {isa = PBXFileReference; fileEncoding = 4; lastKnownFileType = sourcecode.c.h; name = AMCCollectionsTest.h; path = ../../AutomagicCodingTests/AMCCollectionsTest.h; sourceTree = "<group>"; };
		6D6D29161411611400B7EA19 /* AMCCollectionsTest.m */ = {isa = PBXFileReference; fileEncoding = 4; lastKnownFileType = sourcecode.c.objc; name = AMCCollectionsTest.m; path = ../../AutomagicCodingTests/AMCCollectionsTest.m; sourceTree = "<group>"; };
		6D6D291A1411613500B7EA19 /* NSObject+AutomagicCoding.h */ = {isa = PBXFileReference; fileEncoding = 4; lastKnownFileType = sourcecode.c.h; name = "NSObject+AutomagicCoding.h"; path = "../../AutomagicCoding/NSObject+AutomagicCoding.h"; sourceTree = "<group>"; };
		6D6D291B1411613500B7EA19 /* NSObject+AutomagicCoding.m */ = {isa = PBXFileReference; fileEncoding = 4; lastKnownFileType = sourcecode.c.objc; name = "NSObject+AutomagicCoding.m"; path = "../../AutomagicCoding/NSObject+AutomagicCoding.m"; sourceTree = "<group>"; };
/* End PBXFileReference section */

/* Begin PBXFrameworksBuildPhase section */
		6D6D28B51411608600B7EA19 /* Frameworks */ = {
			isa = PBXFrameworksBuildPhase;
			buildActionMask = 2147483647;
			files = (
				6D6D28BD1411608600B7EA19 /* UIKit.framework in Frameworks */,
				6D6D28BF1411608600B7EA19 /* Foundation.framework in Frameworks */,
				6D6D28C11411608600B7EA19 /* CoreGraphics.framework in Frameworks */,
			);
			runOnlyForDeploymentPostprocessing = 0;
		};
		6D6D28DD1411608600B7EA19 /* Frameworks */ = {
			isa = PBXFrameworksBuildPhase;
			buildActionMask = 2147483647;
			files = (
				6D6D28E31411608600B7EA19 /* SenTestingKit.framework in Frameworks */,
				6D6D28E41411608600B7EA19 /* UIKit.framework in Frameworks */,
				6D6D28E51411608600B7EA19 /* Foundation.framework in Frameworks */,
				6D6D28E61411608600B7EA19 /* CoreGraphics.framework in Frameworks */,
			);
			runOnlyForDeploymentPostprocessing = 0;
		};
/* End PBXFrameworksBuildPhase section */

/* Begin PBXGroup section */
		6D6D28AD1411608600B7EA19 = {
			isa = PBXGroup;
			children = (
				6D6D28C21411608600B7EA19 /* AutoMagicCoding-iOS */,
				6D6D28E91411608600B7EA19 /* AutoMagicCoding-iOSTests */,
				6D6D28BB1411608600B7EA19 /* Frameworks */,
				6D6D28B91411608600B7EA19 /* Products */,
			);
			sourceTree = "<group>";
		};
		6D6D28B91411608600B7EA19 /* Products */ = {
			isa = PBXGroup;
			children = (
				6D6D28B81411608600B7EA19 /* AutoMagicCoding-iOS.app */,
				6D6D28E11411608600B7EA19 /* AutoMagicCoding-iOSTests.octest */,
			);
			name = Products;
			sourceTree = "<group>";
		};
		6D6D28BB1411608600B7EA19 /* Frameworks */ = {
			isa = PBXGroup;
			children = (
				6D6D28BC1411608600B7EA19 /* UIKit.framework */,
				6D6D28BE1411608600B7EA19 /* Foundation.framework */,
				6D6D28C01411608600B7EA19 /* CoreGraphics.framework */,
				6D6D28E21411608600B7EA19 /* SenTestingKit.framework */,
			);
			name = Frameworks;
			sourceTree = "<group>";
		};
		6D6D28C21411608600B7EA19 /* AutoMagicCoding-iOS */ = {
			isa = PBXGroup;
			children = (
				6D6D291A1411613500B7EA19 /* NSObject+AutomagicCoding.h */,
				6D6D291B1411613500B7EA19 /* NSObject+AutomagicCoding.m */,
				6D6D28C31411608600B7EA19 /* Supporting Files */,
			);
			path = "AutoMagicCoding-iOS";
			sourceTree = "<group>";
		};
		6D6D28C31411608600B7EA19 /* Supporting Files */ = {
			isa = PBXGroup;
			children = (
				6D6D28CB1411608600B7EA19 /* AutoMagicCoding_iOSAppDelegate.h */,
				6D6D28CC1411608600B7EA19 /* AutoMagicCoding_iOSAppDelegate.m */,
				6D6D28CE1411608600B7EA19 /* iPhone */,
				6D6D28D51411608600B7EA19 /* iPad */,
				6D6D28C41411608600B7EA19 /* AutoMagicCoding-iOS-Info.plist */,
				6D6D28C51411608600B7EA19 /* InfoPlist.strings */,
				6D6D28C81411608600B7EA19 /* main.m */,
				6D6D28CA1411608600B7EA19 /* AutoMagicCoding-iOS-Prefix.pch */,
			);
			name = "Supporting Files";
			sourceTree = "<group>";
		};
		6D6D28CE1411608600B7EA19 /* iPhone */ = {
			isa = PBXGroup;
			children = (
				6D6D28CF1411608600B7EA19 /* AutoMagicCoding_iOSAppDelegate_iPhone.h */,
				6D6D28D01411608600B7EA19 /* AutoMagicCoding_iOSAppDelegate_iPhone.m */,
				6D6D28D21411608600B7EA19 /* MainWindow_iPhone.xib */,
			);
			name = iPhone;
			sourceTree = "<group>";
		};
		6D6D28D51411608600B7EA19 /* iPad */ = {
			isa = PBXGroup;
			children = (
				6D6D28D61411608600B7EA19 /* AutoMagicCoding_iOSAppDelegate_iPad.h */,
				6D6D28D71411608600B7EA19 /* AutoMagicCoding_iOSAppDelegate_iPad.m */,
				6D6D28D91411608600B7EA19 /* MainWindow_iPad.xib */,
			);
			name = iPad;
			sourceTree = "<group>";
		};
		6D6D28E91411608600B7EA19 /* AutoMagicCoding-iOSTests */ = {
			isa = PBXGroup;
			children = (
				6D6D29111411611400B7EA19 /* AMCTest.h */,
				6D6D29121411611400B7EA19 /* AMCTest.m */,
				6D6D29131411611400B7EA19 /* AMCTestSimple.h */,
				6D6D29141411611400B7EA19 /* AMCTestSimple.m */,
				6D6D29151411611400B7EA19 /* AMCCollectionsTest.h */,
				6D6D29161411611400B7EA19 /* AMCCollectionsTest.m */,
				6D6D29041411610700B7EA19 /* ObjectsForTests */,
				6D6D28EA1411608600B7EA19 /* Supporting Files */,
			);
			path = "AutoMagicCoding-iOSTests";
			sourceTree = "<group>";
		};
		6D6D28EA1411608600B7EA19 /* Supporting Files */ = {
			isa = PBXGroup;
			children = (
				6D6D28EB1411608600B7EA19 /* AutoMagicCoding-iOSTests-Info.plist */,
				6D6D28EC1411608600B7EA19 /* InfoPlist.strings */,
			);
			name = "Supporting Files";
			sourceTree = "<group>";
		};
		6D6D29041411610700B7EA19 /* ObjectsForTests */ = {
			isa = PBXGroup;
			children = (
				6D6D29051411610700B7EA19 /* FooWithMutableCollections.h */,
				6D6D29061411610700B7EA19 /* FooWithMutableCollections.m */,
				6D6D29071411610700B7EA19 /* FooWithCollections.h */,
				6D6D29081411610700B7EA19 /* FooWithCollections.m */,
				6D6D29091411610700B7EA19 /* Foo.h */,
				6D6D290A1411610700B7EA19 /* Foo.m */,
				6D6D290B1411610700B7EA19 /* Bar.h */,
				6D6D290C1411610700B7EA19 /* Bar.m */,
			);
			name = ObjectsForTests;
			path = ../../AutomagicCodingTests;
			sourceTree = "<group>";
		};
/* End PBXGroup section */

/* Begin PBXNativeTarget section */
		6D6D28B71411608600B7EA19 /* AutoMagicCoding-iOS */ = {
			isa = PBXNativeTarget;
			buildConfigurationList = 6D6D28F51411608600B7EA19 /* Build configuration list for PBXNativeTarget "AutoMagicCoding-iOS" */;
			buildPhases = (
				6D6D28B41411608600B7EA19 /* Sources */,
				6D6D28B51411608600B7EA19 /* Frameworks */,
				6D6D28B61411608600B7EA19 /* Resources */,
			);
			buildRules = (
			);
			dependencies = (
			);
			name = "AutoMagicCoding-iOS";
			productName = "AutoMagicCoding-iOS";
			productReference = 6D6D28B81411608600B7EA19 /* AutoMagicCoding-iOS.app */;
			productType = "com.apple.product-type.application";
		};
		6D6D28E01411608600B7EA19 /* AutoMagicCoding-iOSTests */ = {
			isa = PBXNativeTarget;
			buildConfigurationList = 6D6D28F81411608600B7EA19 /* Build configuration list for PBXNativeTarget "AutoMagicCoding-iOSTests" */;
			buildPhases = (
				6D6D28DC1411608600B7EA19 /* Sources */,
				6D6D28DD1411608600B7EA19 /* Frameworks */,
				6D6D28DE1411608600B7EA19 /* Resources */,
				6D6D28DF1411608600B7EA19 /* ShellScript */,
			);
			buildRules = (
			);
			dependencies = (
				6D6D28E81411608600B7EA19 /* PBXTargetDependency */,
			);
			name = "AutoMagicCoding-iOSTests";
			productName = "AutoMagicCoding-iOSTests";
			productReference = 6D6D28E11411608600B7EA19 /* AutoMagicCoding-iOSTests.octest */;
			productType = "com.apple.product-type.bundle";
		};
/* End PBXNativeTarget section */

/* Begin PBXProject section */
		6D6D28AF1411608600B7EA19 /* Project object */ = {
			isa = PBXProject;
			buildConfigurationList = 6D6D28B21411608600B7EA19 /* Build configuration list for PBXProject "AutoMagicCoding-iOS" */;
			compatibilityVersion = "Xcode 3.2";
			developmentRegion = English;
			hasScannedForEncodings = 0;
			knownRegions = (
				en,
			);
			mainGroup = 6D6D28AD1411608600B7EA19;
			productRefGroup = 6D6D28B91411608600B7EA19 /* Products */;
			projectDirPath = "";
			projectRoot = "";
			targets = (
				6D6D28B71411608600B7EA19 /* AutoMagicCoding-iOS */,
				6D6D28E01411608600B7EA19 /* AutoMagicCoding-iOSTests */,
			);
		};
/* End PBXProject section */

/* Begin PBXResourcesBuildPhase section */
		6D6D28B61411608600B7EA19 /* Resources */ = {
			isa = PBXResourcesBuildPhase;
			buildActionMask = 2147483647;
			files = (
				6D6D28C71411608600B7EA19 /* InfoPlist.strings in Resources */,
				6D6D28D41411608600B7EA19 /* MainWindow_iPhone.xib in Resources */,
				6D6D28DB1411608600B7EA19 /* MainWindow_iPad.xib in Resources */,
			);
			runOnlyForDeploymentPostprocessing = 0;
		};
		6D6D28DE1411608600B7EA19 /* Resources */ = {
			isa = PBXResourcesBuildPhase;
			buildActionMask = 2147483647;
			files = (
				6D6D28EE1411608600B7EA19 /* InfoPlist.strings in Resources */,
			);
			runOnlyForDeploymentPostprocessing = 0;
		};
/* End PBXResourcesBuildPhase section */

/* Begin PBXShellScriptBuildPhase section */
		6D6D28DF1411608600B7EA19 /* ShellScript */ = {
			isa = PBXShellScriptBuildPhase;
			buildActionMask = 2147483647;
			files = (
			);
			inputPaths = (
			);
			outputPaths = (
			);
			runOnlyForDeploymentPostprocessing = 0;
			shellPath = /bin/sh;
			shellScript = "# Run the unit tests in this test bundle.\n\"${SYSTEM_DEVELOPER_DIR}/Tools/RunUnitTests\"\n";
		};
/* End PBXShellScriptBuildPhase section */

/* Begin PBXSourcesBuildPhase section */
		6D6D28B41411608600B7EA19 /* Sources */ = {
			isa = PBXSourcesBuildPhase;
			buildActionMask = 2147483647;
			files = (
				6D6D28C91411608600B7EA19 /* main.m in Sources */,
				6D6D28CD1411608600B7EA19 /* AutoMagicCoding_iOSAppDelegate.m in Sources */,
				6D6D28D11411608600B7EA19 /* AutoMagicCoding_iOSAppDelegate_iPhone.m in Sources */,
				6D6D28D81411608600B7EA19 /* AutoMagicCoding_iOSAppDelegate_iPad.m in Sources */,
				6D6D291C1411613500B7EA19 /* NSObject+AutomagicCoding.m in Sources */,
			);
			runOnlyForDeploymentPostprocessing = 0;
		};
		6D6D28DC1411608600B7EA19 /* Sources */ = {
			isa = PBXSourcesBuildPhase;
			buildActionMask = 2147483647;
			files = (
				6D6D290D1411610700B7EA19 /* FooWithMutableCollections.m in Sources */,
				6D6D290E1411610700B7EA19 /* FooWithCollections.m in Sources */,
				6D6D290F1411610700B7EA19 /* Foo.m in Sources */,
				6D6D29101411610700B7EA19 /* Bar.m in Sources */,
				6D6D29171411611400B7EA19 /* AMCTest.m in Sources */,
				6D6D29181411611400B7EA19 /* AMCTestSimple.m in Sources */,
				6D6D29191411611400B7EA19 /* AMCCollectionsTest.m in Sources */,
				6D6D291D1411613500B7EA19 /* NSObject+AutomagicCoding.m in Sources */,
			);
			runOnlyForDeploymentPostprocessing = 0;
		};
/* End PBXSourcesBuildPhase section */

/* Begin PBXTargetDependency section */
		6D6D28E81411608600B7EA19 /* PBXTargetDependency */ = {
			isa = PBXTargetDependency;
			target = 6D6D28B71411608600B7EA19 /* AutoMagicCoding-iOS */;
			targetProxy = 6D6D28E71411608600B7EA19 /* PBXContainerItemProxy */;
		};
/* End PBXTargetDependency section */

/* Begin PBXVariantGroup section */
		6D6D28C51411608600B7EA19 /* InfoPlist.strings */ = {
			isa = PBXVariantGroup;
			children = (
				6D6D28C61411608600B7EA19 /* en */,
			);
			name = InfoPlist.strings;
			sourceTree = "<group>";
		};
		6D6D28D21411608600B7EA19 /* MainWindow_iPhone.xib */ = {
			isa = PBXVariantGroup;
			children = (
				6D6D28D31411608600B7EA19 /* en */,
			);
			name = MainWindow_iPhone.xib;
			sourceTree = "<group>";
		};
		6D6D28D91411608600B7EA19 /* MainWindow_iPad.xib */ = {
			isa = PBXVariantGroup;
			children = (
				6D6D28DA1411608600B7EA19 /* en */,
			);
			name = MainWindow_iPad.xib;
			sourceTree = "<group>";
		};
		6D6D28EC1411608600B7EA19 /* InfoPlist.strings */ = {
			isa = PBXVariantGroup;
			children = (
				6D6D28ED1411608600B7EA19 /* en */,
			);
			name = InfoPlist.strings;
			sourceTree = "<group>";
		};
/* End PBXVariantGroup section */

/* Begin XCBuildConfiguration section */
		6D6D28F31411608600B7EA19 /* Debug */ = {
			isa = XCBuildConfiguration;
			buildSettings = {
				ALWAYS_SEARCH_USER_PATHS = NO;
				ARCHS = "$(ARCHS_STANDARD_32_BIT)";
				"CODE_SIGN_IDENTITY[sdk=iphoneos*]" = "iPhone Developer";
				COPY_PHASE_STRIP = NO;
				GCC_C_LANGUAGE_STANDARD = gnu99;
				GCC_DYNAMIC_NO_PIC = NO;
				GCC_OPTIMIZATION_LEVEL = 0;
				GCC_PREPROCESSOR_DEFINITIONS = (
					"DEBUG=1",
					"$(inherited)",
				);
				GCC_SYMBOLS_PRIVATE_EXTERN = NO;
				GCC_VERSION = com.apple.compilers.llvmgcc42;
				GCC_WARN_ABOUT_MISSING_PROTOTYPES = YES;
				GCC_WARN_ABOUT_RETURN_TYPE = YES;
				GCC_WARN_UNUSED_VARIABLE = YES;
				IPHONEOS_DEPLOYMENT_TARGET = 4.3;
				SDKROOT = iphoneos;
				TARGETED_DEVICE_FAMILY = "1,2";
			};
			name = Debug;
		};
		6D6D28F41411608600B7EA19 /* Release */ = {
			isa = XCBuildConfiguration;
			buildSettings = {
				ALWAYS_SEARCH_USER_PATHS = NO;
				ARCHS = "$(ARCHS_STANDARD_32_BIT)";
				"CODE_SIGN_IDENTITY[sdk=iphoneos*]" = "iPhone Developer";
				COPY_PHASE_STRIP = YES;
				GCC_C_LANGUAGE_STANDARD = gnu99;
				GCC_VERSION = com.apple.compilers.llvmgcc42;
				GCC_WARN_ABOUT_MISSING_PROTOTYPES = YES;
				GCC_WARN_ABOUT_RETURN_TYPE = YES;
				GCC_WARN_UNUSED_VARIABLE = YES;
				IPHONEOS_DEPLOYMENT_TARGET = 4.3;
				OTHER_CFLAGS = "-DNS_BLOCK_ASSERTIONS=1";
				SDKROOT = iphoneos;
				TARGETED_DEVICE_FAMILY = "1,2";
				VALIDATE_PRODUCT = YES;
			};
			name = Release;
		};
		6D6D28F61411608600B7EA19 /* Debug */ = {
			isa = XCBuildConfiguration;
			buildSettings = {
				GCC_PRECOMPILE_PREFIX_HEADER = YES;
				GCC_PREFIX_HEADER = "AutoMagicCoding-iOS/AutoMagicCoding-iOS-Prefix.pch";
				INFOPLIST_FILE = "AutoMagicCoding-iOS/AutoMagicCoding-iOS-Info.plist";
				PRODUCT_NAME = "$(TARGET_NAME)";
				WRAPPER_EXTENSION = app;
			};
			name = Debug;
		};
		6D6D28F71411608600B7EA19 /* Release */ = {
			isa = XCBuildConfiguration;
			buildSettings = {
				GCC_PRECOMPILE_PREFIX_HEADER = YES;
				GCC_PREFIX_HEADER = "AutoMagicCoding-iOS/AutoMagicCoding-iOS-Prefix.pch";
				INFOPLIST_FILE = "AutoMagicCoding-iOS/AutoMagicCoding-iOS-Info.plist";
				PRODUCT_NAME = "$(TARGET_NAME)";
				WRAPPER_EXTENSION = app;
			};
			name = Release;
		};
		6D6D28F91411608600B7EA19 /* Debug */ = {
			isa = XCBuildConfiguration;
			buildSettings = {
				BUNDLE_LOADER = "$(BUILT_PRODUCTS_DIR)/AutoMagicCoding-iOS.app/AutoMagicCoding-iOS";
				FRAMEWORK_SEARCH_PATHS = (
					"$(SDKROOT)/Developer/Library/Frameworks",
					"$(DEVELOPER_LIBRARY_DIR)/Frameworks",
				);
				GCC_PRECOMPILE_PREFIX_HEADER = YES;
				GCC_PREFIX_HEADER = "AutoMagicCoding-iOS/AutoMagicCoding-iOS-Prefix.pch";
				INFOPLIST_FILE = "AutoMagicCoding-iOSTests/AutoMagicCoding-iOSTests-Info.plist";
				PRODUCT_NAME = "$(TARGET_NAME)";
				TEST_HOST = "$(BUNDLE_LOADER)";
				WRAPPER_EXTENSION = octest;
			};
			name = Debug;
		};
		6D6D28FA1411608600B7EA19 /* Release */ = {
			isa = XCBuildConfiguration;
			buildSettings = {
				BUNDLE_LOADER = "$(BUILT_PRODUCTS_DIR)/AutoMagicCoding-iOS.app/AutoMagicCoding-iOS";
				FRAMEWORK_SEARCH_PATHS = (
					"$(SDKROOT)/Developer/Library/Frameworks",
					"$(DEVELOPER_LIBRARY_DIR)/Frameworks",
				);
				GCC_PRECOMPILE_PREFIX_HEADER = YES;
				GCC_PREFIX_HEADER = "AutoMagicCoding-iOS/AutoMagicCoding-iOS-Prefix.pch";
				INFOPLIST_FILE = "AutoMagicCoding-iOSTests/AutoMagicCoding-iOSTests-Info.plist";
				PRODUCT_NAME = "$(TARGET_NAME)";
				TEST_HOST = "$(BUNDLE_LOADER)";
				WRAPPER_EXTENSION = octest;
			};
			name = Release;
		};
/* End XCBuildConfiguration section */

/* Begin XCConfigurationList section */
		6D6D28B21411608600B7EA19 /* Build configuration list for PBXProject "AutoMagicCoding-iOS" */ = {
			isa = XCConfigurationList;
			buildConfigurations = (
				6D6D28F31411608600B7EA19 /* Debug */,
				6D6D28F41411608600B7EA19 /* Release */,
			);
			defaultConfigurationIsVisible = 0;
			defaultConfigurationName = Release;
		};
		6D6D28F51411608600B7EA19 /* Build configuration list for PBXNativeTarget "AutoMagicCoding-iOS" */ = {
			isa = XCConfigurationList;
			buildConfigurations = (
				6D6D28F61411608600B7EA19 /* Debug */,
				6D6D28F71411608600B7EA19 /* Release */,
			);
			defaultConfigurationIsVisible = 0;
		};
		6D6D28F81411608600B7EA19 /* Build configuration list for PBXNativeTarget "AutoMagicCoding-iOSTests" */ = {
			isa = XCConfigurationList;
			buildConfigurations = (
				6D6D28F91411608600B7EA19 /* Debug */,
				6D6D28FA1411608600B7EA19 /* Release */,
			);
			defaultConfigurationIsVisible = 0;
		};
/* End XCConfigurationList section */
	};
	rootObject = 6D6D28AF1411608600B7EA19 /* Project object */;
}
