// !$*UTF8*$!
{
	archiveVersion = 1;
	classes = {
	};
	objectVersion = 46;
	objects = {

/* Begin PBXBuildFile section */
		6D6B9892140E162700835E88 /* Cocoa.framework in Frameworks */ = {isa = PBXBuildFile; fileRef = 6D6B9891140E162700835E88 /* Cocoa.framework */; };
		6D6B98B0140E162700835E88 /* SenTestingKit.framework in Frameworks */ = {isa = PBXBuildFile; fileRef = 6D6B98AF140E162700835E88 /* SenTestingKit.framework */; };
		6D6B98B1140E162700835E88 /* Cocoa.framework in Frameworks */ = {isa = PBXBuildFile; fileRef = 6D6B9891140E162700835E88 /* Cocoa.framework */; };
		6D6B98CE140E2A3B00835E88 /* NSObject+AutoMagicCoding.m in Sources */ = {isa = PBXBuildFile; fileRef = 6D6B98CD140E2A3B00835E88 /* NSObject+AutoMagicCoding.m */; };
		6D6B98DB140E671B00835E88 /* NSObject+AutoMagicCoding.m in Sources */ = {isa = PBXBuildFile; fileRef = 6D6B98CD140E2A3B00835E88 /* NSObject+AutoMagicCoding.m */; };
		FDB80CC5149D3089001E95AA /* NSObject+AutoMagicCoding.m in Sources */ = {isa = PBXBuildFile; fileRef = 6D6B98CD140E2A3B00835E88 /* NSObject+AutoMagicCoding.m */; };
		FDB80CD2149D3089001E95AA /* SenTestingKit.framework in Frameworks */ = {isa = PBXBuildFile; fileRef = 6D6B98AF140E162700835E88 /* SenTestingKit.framework */; };
		FDB80CD3149D3089001E95AA /* Cocoa.framework in Frameworks */ = {isa = PBXBuildFile; fileRef = 6D6B9891140E162700835E88 /* Cocoa.framework */; };
		FDB80D6C149E2AF8001E95AA /* AutomagicCodingAppDelegate.m in Sources */ = {isa = PBXBuildFile; fileRef = FDB80D41149E2AF8001E95AA /* AutomagicCodingAppDelegate.m */; };
		FDB80D6F149E2AF8001E95AA /* Credits.rtf in Resources */ = {isa = PBXBuildFile; fileRef = FDB80D42149E2AF8001E95AA /* Credits.rtf */; };
		FDB80D72149E2AF8001E95AA /* InfoPlist.strings in Resources */ = {isa = PBXBuildFile; fileRef = FDB80D44149E2AF8001E95AA /* InfoPlist.strings */; };
		FDB80D75149E2AF8001E95AA /* MainMenu.xib in Resources */ = {isa = PBXBuildFile; fileRef = FDB80D46149E2AF8001E95AA /* MainMenu.xib */; };
		FDB80D78149E2AF8001E95AA /* main.m in Sources */ = {isa = PBXBuildFile; fileRef = FDB80D48149E2AF8001E95AA /* main.m */; };
		FDB80D85149E2AF8001E95AA /* InfoPlist.strings in Resources */ = {isa = PBXBuildFile; fileRef = FDB80D4F149E2AF8001E95AA /* InfoPlist.strings */; };
		FDB80D86149E2AF8001E95AA /* InfoPlist.strings in Resources */ = {isa = PBXBuildFile; fileRef = FDB80D4F149E2AF8001E95AA /* InfoPlist.strings */; };
		FDB80DA0149E2B5E001E95AA /* AMCCollectionsTest.m in Sources */ = {isa = PBXBuildFile; fileRef = FDB80D89149E2B5E001E95AA /* AMCCollectionsTest.m */; };
		FDB80DA1149E2B5E001E95AA /* AMCCollectionsTest.m in Sources */ = {isa = PBXBuildFile; fileRef = FDB80D89149E2B5E001E95AA /* AMCCollectionsTest.m */; };
		FDB80DA2149E2B5E001E95AA /* AMCExceptionsTest.m in Sources */ = {isa = PBXBuildFile; fileRef = FDB80D8B149E2B5E001E95AA /* AMCExceptionsTest.m */; };
		FDB80DA3149E2B5E001E95AA /* AMCExceptionsTest.m in Sources */ = {isa = PBXBuildFile; fileRef = FDB80D8B149E2B5E001E95AA /* AMCExceptionsTest.m */; };
		FDB80DA4149E2B5E001E95AA /* AMCTest.m in Sources */ = {isa = PBXBuildFile; fileRef = FDB80D8D149E2B5E001E95AA /* AMCTest.m */; };
		FDB80DA5149E2B5E001E95AA /* AMCTest.m in Sources */ = {isa = PBXBuildFile; fileRef = FDB80D8D149E2B5E001E95AA /* AMCTest.m */; };
		FDB80DA6149E2B5E001E95AA /* AMCTestSimple.m in Sources */ = {isa = PBXBuildFile; fileRef = FDB80D8F149E2B5E001E95AA /* AMCTestSimple.m */; };
		FDB80DA7149E2B5E001E95AA /* AMCTestSimple.m in Sources */ = {isa = PBXBuildFile; fileRef = FDB80D8F149E2B5E001E95AA /* AMCTestSimple.m */; };
		FDB80DA8149E2B5E001E95AA /* Bar.m in Sources */ = {isa = PBXBuildFile; fileRef = FDB80D92149E2B5E001E95AA /* Bar.m */; };
		FDB80DA9149E2B5E001E95AA /* Bar.m in Sources */ = {isa = PBXBuildFile; fileRef = FDB80D92149E2B5E001E95AA /* Bar.m */; };
		FDB80DAA149E2B5E001E95AA /* CCArray.m in Sources */ = {isa = PBXBuildFile; fileRef = FDB80D94149E2B5E001E95AA /* CCArray.m */; };
		FDB80DAB149E2B5E001E95AA /* CCArray.m in Sources */ = {isa = PBXBuildFile; fileRef = FDB80D94149E2B5E001E95AA /* CCArray.m */; };
		FDB80DAC149E2B5E001E95AA /* Foo.m in Sources */ = {isa = PBXBuildFile; fileRef = FDB80D97149E2B5E001E95AA /* Foo.m */; };
		FDB80DAD149E2B5E001E95AA /* Foo.m in Sources */ = {isa = PBXBuildFile; fileRef = FDB80D97149E2B5E001E95AA /* Foo.m */; };
		FDB80DAE149E2B5E001E95AA /* FooWithCollections.m in Sources */ = {isa = PBXBuildFile; fileRef = FDB80D99149E2B5E001E95AA /* FooWithCollections.m */; };
		FDB80DAF149E2B5E001E95AA /* FooWithCollections.m in Sources */ = {isa = PBXBuildFile; fileRef = FDB80D99149E2B5E001E95AA /* FooWithCollections.m */; };
		FDB80DB0149E2B5E001E95AA /* FooWithCustomCollection.m in Sources */ = {isa = PBXBuildFile; fileRef = FDB80D9B149E2B5E001E95AA /* FooWithCustomCollection.m */; };
		FDB80DB1149E2B5E001E95AA /* FooWithCustomCollection.m in Sources */ = {isa = PBXBuildFile; fileRef = FDB80D9B149E2B5E001E95AA /* FooWithCustomCollection.m */; };
		FDB80DB2149E2B5E001E95AA /* FooWithMutableCollections.m in Sources */ = {isa = PBXBuildFile; fileRef = FDB80D9D149E2B5E001E95AA /* FooWithMutableCollections.m */; };
		FDB80DB3149E2B5E001E95AA /* FooWithMutableCollections.m in Sources */ = {isa = PBXBuildFile; fileRef = FDB80D9D149E2B5E001E95AA /* FooWithMutableCollections.m */; };
		FDB80DB4149E2B5E001E95AA /* FooWithSctructs.m in Sources */ = {isa = PBXBuildFile; fileRef = FDB80D9F149E2B5E001E95AA /* FooWithSctructs.m */; };
		FDB80DB5149E2B5E001E95AA /* FooWithSctructs.m in Sources */ = {isa = PBXBuildFile; fileRef = FDB80D9F149E2B5E001E95AA /* FooWithSctructs.m */; };
/* End PBXBuildFile section */

/* Begin PBXContainerItemProxy section */
		FDB80CEA149E095B001E95AA /* PBXContainerItemProxy */ = {
			isa = PBXContainerItemProxy;
			containerPortal = 6D6B9884140E162600835E88 /* Project object */;
			proxyType = 1;
			remoteGlobalIDString = 6D6B98AD140E162700835E88;
			remoteInfo = AutomagicCodingTests;
		};
		FDB80CEC149E095B001E95AA /* PBXContainerItemProxy */ = {
			isa = PBXContainerItemProxy;
			containerPortal = 6D6B9884140E162600835E88 /* Project object */;
			proxyType = 1;
			remoteGlobalIDString = FDB80CC3149D3089001E95AA;
			remoteInfo = "AutomagicCodingTests AMC_NO_THROW";
		};
/* End PBXContainerItemProxy section */

/* Begin PBXFileReference section */
		6D6B988D140E162700835E88 /* AutomagicCoding.app */ = {isa = PBXFileReference; explicitFileType = wrapper.application; includeInIndex = 0; path = AutomagicCoding.app; sourceTree = BUILT_PRODUCTS_DIR; };
		6D6B9891140E162700835E88 /* Cocoa.framework */ = {isa = PBXFileReference; lastKnownFileType = wrapper.framework; name = Cocoa.framework; path = System/Library/Frameworks/Cocoa.framework; sourceTree = SDKROOT; };
		6D6B9894140E162700835E88 /* AppKit.framework */ = {isa = PBXFileReference; lastKnownFileType = wrapper.framework; name = AppKit.framework; path = System/Library/Frameworks/AppKit.framework; sourceTree = SDKROOT; };
		6D6B9895140E162700835E88 /* CoreData.framework */ = {isa = PBXFileReference; lastKnownFileType = wrapper.framework; name = CoreData.framework; path = System/Library/Frameworks/CoreData.framework; sourceTree = SDKROOT; };
		6D6B9896140E162700835E88 /* Foundation.framework */ = {isa = PBXFileReference; lastKnownFileType = wrapper.framework; name = Foundation.framework; path = System/Library/Frameworks/Foundation.framework; sourceTree = SDKROOT; };
		6D6B98AE140E162700835E88 /* AutomagicCodingTests.octest */ = {isa = PBXFileReference; explicitFileType = wrapper.cfbundle; includeInIndex = 0; path = AutomagicCodingTests.octest; sourceTree = BUILT_PRODUCTS_DIR; };
		6D6B98AF140E162700835E88 /* SenTestingKit.framework */ = {isa = PBXFileReference; lastKnownFileType = wrapper.framework; name = SenTestingKit.framework; path = Library/Frameworks/SenTestingKit.framework; sourceTree = DEVELOPER_DIR; };
		6D6B98CC140E2A3B00835E88 /* NSObject+AutoMagicCoding.h */ = {isa = PBXFileReference; fileEncoding = 4; lastKnownFileType = sourcecode.c.h; path = "NSObject+AutoMagicCoding.h"; sourceTree = "<group>"; };
		6D6B98CD140E2A3B00835E88 /* NSObject+AutoMagicCoding.m */ = {isa = PBXFileReference; fileEncoding = 4; lastKnownFileType = sourcecode.c.objc; path = "NSObject+AutoMagicCoding.m"; sourceTree = "<group>"; };
		6DBAC62F17096CC100298BEB /* LICENSE */ = {isa = PBXFileReference; lastKnownFileType = text; path = LICENSE; sourceTree = "<group>"; };
		6DBAC6301709702800298BEB /* NSObject-AutomagicCoding.podspec */ = {isa = PBXFileReference; lastKnownFileType = text; path = "NSObject-AutomagicCoding.podspec"; sourceTree = "<group>"; };
		FDA4D40D14D6D90200B9AE2A /* CHANGELOG */ = {isa = PBXFileReference; lastKnownFileType = text; path = CHANGELOG; sourceTree = "<group>"; };
		FDB80CDB149D3089001E95AA /* AutomagicCodingTests-NO_THROW.octest */ = {isa = PBXFileReference; explicitFileType = wrapper.cfbundle; includeInIndex = 0; path = "AutomagicCodingTests-NO_THROW.octest"; sourceTree = BUILT_PRODUCTS_DIR; };
		FDB80D3E149E2AF8001E95AA /* AutomagicCoding-Info.plist */ = {isa = PBXFileReference; fileEncoding = 4; lastKnownFileType = text.plist.xml; path = "AutomagicCoding-Info.plist"; sourceTree = "<group>"; };
		FDB80D3F149E2AF8001E95AA /* AutomagicCoding-Prefix.pch */ = {isa = PBXFileReference; fileEncoding = 4; lastKnownFileType = sourcecode.c.h; path = "AutomagicCoding-Prefix.pch"; sourceTree = "<group>"; };
		FDB80D40149E2AF8001E95AA /* AutomagicCodingAppDelegate.h */ = {isa = PBXFileReference; fileEncoding = 4; lastKnownFileType = sourcecode.c.h; path = AutomagicCodingAppDelegate.h; sourceTree = "<group>"; };
		FDB80D41149E2AF8001E95AA /* AutomagicCodingAppDelegate.m */ = {isa = PBXFileReference; fileEncoding = 4; lastKnownFileType = sourcecode.c.objc; path = AutomagicCodingAppDelegate.m; sourceTree = "<group>"; };
		FDB80D43149E2AF8001E95AA /* en */ = {isa = PBXFileReference; lastKnownFileType = text.rtf; name = en; path = en.lproj/Credits.rtf; sourceTree = "<group>"; };
		FDB80D45149E2AF8001E95AA /* en */ = {isa = PBXFileReference; lastKnownFileType = text.plist.strings; name = en; path = en.lproj/InfoPlist.strings; sourceTree = "<group>"; };
		FDB80D47149E2AF8001E95AA /* en */ = {isa = PBXFileReference; lastKnownFileType = file.xib; name = en; path = en.lproj/MainMenu.xib; sourceTree = "<group>"; };
		FDB80D48149E2AF8001E95AA /* main.m */ = {isa = PBXFileReference; fileEncoding = 4; lastKnownFileType = sourcecode.c.objc; path = main.m; sourceTree = "<group>"; };
		FDB80D4E149E2AF8001E95AA /* AutomagicCodingTests-Info.plist */ = {isa = PBXFileReference; fileEncoding = 4; lastKnownFileType = text.plist.xml; path = "AutomagicCodingTests-Info.plist"; sourceTree = "<group>"; };
		FDB80D50149E2AF8001E95AA /* en */ = {isa = PBXFileReference; lastKnownFileType = text.plist.strings; name = en; path = en.lproj/InfoPlist.strings; sourceTree = "<group>"; };
		FDB80D88149E2B5E001E95AA /* AMCCollectionsTest.h */ = {isa = PBXFileReference; fileEncoding = 4; lastKnownFileType = sourcecode.c.h; path = AMCCollectionsTest.h; sourceTree = "<group>"; };
		FDB80D89149E2B5E001E95AA /* AMCCollectionsTest.m */ = {isa = PBXFileReference; fileEncoding = 4; lastKnownFileType = sourcecode.c.objc; path = AMCCollectionsTest.m; sourceTree = "<group>"; };
		FDB80D8A149E2B5E001E95AA /* AMCExceptionsTest.h */ = {isa = PBXFileReference; fileEncoding = 4; lastKnownFileType = sourcecode.c.h; path = AMCExceptionsTest.h; sourceTree = "<group>"; };
		FDB80D8B149E2B5E001E95AA /* AMCExceptionsTest.m */ = {isa = PBXFileReference; fileEncoding = 4; lastKnownFileType = sourcecode.c.objc; path = AMCExceptionsTest.m; sourceTree = "<group>"; };
		FDB80D8C149E2B5E001E95AA /* AMCTest.h */ = {isa = PBXFileReference; fileEncoding = 4; lastKnownFileType = sourcecode.c.h; path = AMCTest.h; sourceTree = "<group>"; };
		FDB80D8D149E2B5E001E95AA /* AMCTest.m */ = {isa = PBXFileReference; fileEncoding = 4; lastKnownFileType = sourcecode.c.objc; path = AMCTest.m; sourceTree = "<group>"; };
		FDB80D8E149E2B5E001E95AA /* AMCTestSimple.h */ = {isa = PBXFileReference; fileEncoding = 4; lastKnownFileType = sourcecode.c.h; path = AMCTestSimple.h; sourceTree = "<group>"; };
		FDB80D8F149E2B5E001E95AA /* AMCTestSimple.m */ = {isa = PBXFileReference; fileEncoding = 4; lastKnownFileType = sourcecode.c.objc; path = AMCTestSimple.m; sourceTree = "<group>"; };
		FDB80D91149E2B5E001E95AA /* Bar.h */ = {isa = PBXFileReference; fileEncoding = 4; lastKnownFileType = sourcecode.c.h; path = Bar.h; sourceTree = "<group>"; };
		FDB80D92149E2B5E001E95AA /* Bar.m */ = {isa = PBXFileReference; fileEncoding = 4; lastKnownFileType = sourcecode.c.objc; path = Bar.m; sourceTree = "<group>"; };
		FDB80D93149E2B5E001E95AA /* CCArray.h */ = {isa = PBXFileReference; fileEncoding = 4; lastKnownFileType = sourcecode.c.h; path = CCArray.h; sourceTree = "<group>"; };
		FDB80D94149E2B5E001E95AA /* CCArray.m */ = {isa = PBXFileReference; fileEncoding = 4; lastKnownFileType = sourcecode.c.objc; path = CCArray.m; sourceTree = "<group>"; };
		FDB80D95149E2B5E001E95AA /* ccCArray.h */ = {isa = PBXFileReference; fileEncoding = 4; lastKnownFileType = sourcecode.c.h; path = ccCArray.h; sourceTree = "<group>"; };
		FDB80D96149E2B5E001E95AA /* Foo.h */ = {isa = PBXFileReference; fileEncoding = 4; lastKnownFileType = sourcecode.c.h; path = Foo.h; sourceTree = "<group>"; };
		FDB80D97149E2B5E001E95AA /* Foo.m */ = {isa = PBXFileReference; fileEncoding = 4; lastKnownFileType = sourcecode.c.objc; path = Foo.m; sourceTree = "<group>"; };
		FDB80D98149E2B5E001E95AA /* FooWithCollections.h */ = {isa = PBXFileReference; fileEncoding = 4; lastKnownFileType = sourcecode.c.h; path = FooWithCollections.h; sourceTree = "<group>"; };
		FDB80D99149E2B5E001E95AA /* FooWithCollections.m */ = {isa = PBXFileReference; fileEncoding = 4; lastKnownFileType = sourcecode.c.objc; path = FooWithCollections.m; sourceTree = "<group>"; };
		FDB80D9A149E2B5E001E95AA /* FooWithCustomCollection.h */ = {isa = PBXFileReference; fileEncoding = 4; lastKnownFileType = sourcecode.c.h; path = FooWithCustomCollection.h; sourceTree = "<group>"; };
		FDB80D9B149E2B5E001E95AA /* FooWithCustomCollection.m */ = {isa = PBXFileReference; fileEncoding = 4; lastKnownFileType = sourcecode.c.objc; path = FooWithCustomCollection.m; sourceTree = "<group>"; };
		FDB80D9C149E2B5E001E95AA /* FooWithMutableCollections.h */ = {isa = PBXFileReference; fileEncoding = 4; lastKnownFileType = sourcecode.c.h; path = FooWithMutableCollections.h; sourceTree = "<group>"; };
		FDB80D9D149E2B5E001E95AA /* FooWithMutableCollections.m */ = {isa = PBXFileReference; fileEncoding = 4; lastKnownFileType = sourcecode.c.objc; path = FooWithMutableCollections.m; sourceTree = "<group>"; };
		FDB80D9E149E2B5E001E95AA /* FooWithSctructs.h */ = {isa = PBXFileReference; fileEncoding = 4; lastKnownFileType = sourcecode.c.h; path = FooWithSctructs.h; sourceTree = "<group>"; };
		FDB80D9F149E2B5E001E95AA /* FooWithSctructs.m */ = {isa = PBXFileReference; fileEncoding = 4; lastKnownFileType = sourcecode.c.objc; path = FooWithSctructs.m; sourceTree = "<group>"; };
		FDCE7BF1148A97C9009A6DCB /* README.md */ = {isa = PBXFileReference; lastKnownFileType = text; path = README.md; sourceTree = "<group>"; };
/* End PBXFileReference section */

/* Begin PBXFrameworksBuildPhase section */
		6D6B988A140E162700835E88 /* Frameworks */ = {
			isa = PBXFrameworksBuildPhase;
			buildActionMask = 2147483647;
			files = (
				6D6B9892140E162700835E88 /* Cocoa.framework in Frameworks */,
			);
			runOnlyForDeploymentPostprocessing = 0;
		};
		6D6B98AA140E162700835E88 /* Frameworks */ = {
			isa = PBXFrameworksBuildPhase;
			buildActionMask = 2147483647;
			files = (
				6D6B98B0140E162700835E88 /* SenTestingKit.framework in Frameworks */,
				6D6B98B1140E162700835E88 /* Cocoa.framework in Frameworks */,
			);
			runOnlyForDeploymentPostprocessing = 0;
		};
		FDB80CD1149D3089001E95AA /* Frameworks */ = {
			isa = PBXFrameworksBuildPhase;
			buildActionMask = 2147483647;
			files = (
				FDB80CD2149D3089001E95AA /* SenTestingKit.framework in Frameworks */,
				FDB80CD3149D3089001E95AA /* Cocoa.framework in Frameworks */,
			);
			runOnlyForDeploymentPostprocessing = 0;
		};
/* End PBXFrameworksBuildPhase section */

/* Begin PBXGroup section */
		6D6B9882140E162600835E88 = {
			isa = PBXGroup;
			children = (
				FDCE7BF1148A97C9009A6DCB /* README.md */,
				FDA4D40D14D6D90200B9AE2A /* CHANGELOG */,
				6DBAC62F17096CC100298BEB /* LICENSE */,
				6DBAC6301709702800298BEB /* NSObject-AutomagicCoding.podspec */,
				6D6B9897140E162700835E88 /* AutoMagicCoding */,
				FDB80D87149E2B5E001E95AA /* Tests */,
				FDB80D2A149E2AF8001E95AA /* SupportingFiles */,
				6D6B9890140E162700835E88 /* Frameworks */,
				6D6B988E140E162700835E88 /* Products */,
			);
			sourceTree = "<group>";
		};
		6D6B988E140E162700835E88 /* Products */ = {
			isa = PBXGroup;
			children = (
				6D6B988D140E162700835E88 /* AutomagicCoding.app */,
				6D6B98AE140E162700835E88 /* AutomagicCodingTests.octest */,
				FDB80CDB149D3089001E95AA /* AutomagicCodingTests-NO_THROW.octest */,
			);
			name = Products;
			sourceTree = "<group>";
		};
		6D6B9890140E162700835E88 /* Frameworks */ = {
			isa = PBXGroup;
			children = (
				6D6B9891140E162700835E88 /* Cocoa.framework */,
				6D6B98AF140E162700835E88 /* SenTestingKit.framework */,
				6D6B9893140E162700835E88 /* Other Frameworks */,
			);
			name = Frameworks;
			sourceTree = "<group>";
		};
		6D6B9893140E162700835E88 /* Other Frameworks */ = {
			isa = PBXGroup;
			children = (
				6D6B9894140E162700835E88 /* AppKit.framework */,
				6D6B9895140E162700835E88 /* CoreData.framework */,
				6D6B9896140E162700835E88 /* Foundation.framework */,
			);
			name = "Other Frameworks";
			sourceTree = "<group>";
		};
		6D6B9897140E162700835E88 /* AutoMagicCoding */ = {
			isa = PBXGroup;
			children = (
				6D6B98CC140E2A3B00835E88 /* NSObject+AutoMagicCoding.h */,
				6D6B98CD140E2A3B00835E88 /* NSObject+AutoMagicCoding.m */,
			);
			name = AutoMagicCoding;
			path = AutomagicCoding;
			sourceTree = "<group>";
		};
		FDB80D2A149E2AF8001E95AA /* SupportingFiles */ = {
			isa = PBXGroup;
			children = (
				FDB80D3D149E2AF8001E95AA /* SupportingFiles-Mac */,
				FDB80D4D149E2AF8001E95AA /* SupportingFiles-Tests-Mac */,
			);
			path = SupportingFiles;
			sourceTree = "<group>";
		};
		FDB80D3D149E2AF8001E95AA /* SupportingFiles-Mac */ = {
			isa = PBXGroup;
			children = (
				FDB80D3E149E2AF8001E95AA /* AutomagicCoding-Info.plist */,
				FDB80D3F149E2AF8001E95AA /* AutomagicCoding-Prefix.pch */,
				FDB80D40149E2AF8001E95AA /* AutomagicCodingAppDelegate.h */,
				FDB80D41149E2AF8001E95AA /* AutomagicCodingAppDelegate.m */,
				FDB80D42149E2AF8001E95AA /* Credits.rtf */,
				FDB80D44149E2AF8001E95AA /* InfoPlist.strings */,
				FDB80D46149E2AF8001E95AA /* MainMenu.xib */,
				FDB80D48149E2AF8001E95AA /* main.m */,
			);
			path = "SupportingFiles-Mac";
			sourceTree = "<group>";
		};
		FDB80D4D149E2AF8001E95AA /* SupportingFiles-Tests-Mac */ = {
			isa = PBXGroup;
			children = (
				FDB80D4E149E2AF8001E95AA /* AutomagicCodingTests-Info.plist */,
				FDB80D4F149E2AF8001E95AA /* InfoPlist.strings */,
			);
			path = "SupportingFiles-Tests-Mac";
			sourceTree = "<group>";
		};
		FDB80D87149E2B5E001E95AA /* Tests */ = {
			isa = PBXGroup;
			children = (
				FDB80D88149E2B5E001E95AA /* AMCCollectionsTest.h */,
				FDB80D89149E2B5E001E95AA /* AMCCollectionsTest.m */,
				FDB80D8A149E2B5E001E95AA /* AMCExceptionsTest.h */,
				FDB80D8B149E2B5E001E95AA /* AMCExceptionsTest.m */,
				FDB80D8C149E2B5E001E95AA /* AMCTest.h */,
				FDB80D8D149E2B5E001E95AA /* AMCTest.m */,
				FDB80D8E149E2B5E001E95AA /* AMCTestSimple.h */,
				FDB80D8F149E2B5E001E95AA /* AMCTestSimple.m */,
				FDB80D90149E2B5E001E95AA /* ObjectsForTests */,
			);
			path = Tests;
			sourceTree = "<group>";
		};
		FDB80D90149E2B5E001E95AA /* ObjectsForTests */ = {
			isa = PBXGroup;
			children = (
				FDB80D91149E2B5E001E95AA /* Bar.h */,
				FDB80D92149E2B5E001E95AA /* Bar.m */,
				FDB80D93149E2B5E001E95AA /* CCArray.h */,
				FDB80D94149E2B5E001E95AA /* CCArray.m */,
				FDB80D95149E2B5E001E95AA /* ccCArray.h */,
				FDB80D96149E2B5E001E95AA /* Foo.h */,
				FDB80D97149E2B5E001E95AA /* Foo.m */,
				FDB80D98149E2B5E001E95AA /* FooWithCollections.h */,
				FDB80D99149E2B5E001E95AA /* FooWithCollections.m */,
				FDB80D9A149E2B5E001E95AA /* FooWithCustomCollection.h */,
				FDB80D9B149E2B5E001E95AA /* FooWithCustomCollection.m */,
				FDB80D9C149E2B5E001E95AA /* FooWithMutableCollections.h */,
				FDB80D9D149E2B5E001E95AA /* FooWithMutableCollections.m */,
				FDB80D9E149E2B5E001E95AA /* FooWithSctructs.h */,
				FDB80D9F149E2B5E001E95AA /* FooWithSctructs.m */,
			);
			path = ObjectsForTests;
			sourceTree = "<group>";
		};
/* End PBXGroup section */

/* Begin PBXNativeTarget section */
		6D6B988C140E162700835E88 /* AutomagicCoding */ = {
			isa = PBXNativeTarget;
			buildConfigurationList = 6D6B98C0140E162700835E88 /* Build configuration list for PBXNativeTarget "AutomagicCoding" */;
			buildPhases = (
				6D6B9889140E162700835E88 /* Sources */,
				6D6B988A140E162700835E88 /* Frameworks */,
				6D6B988B140E162700835E88 /* Resources */,
			);
			buildRules = (
			);
			dependencies = (
				FDB80CEB149E095B001E95AA /* PBXTargetDependency */,
				FDB80CED149E095B001E95AA /* PBXTargetDependency */,
			);
			name = AutomagicCoding;
			productName = AutomagicCoding;
			productReference = 6D6B988D140E162700835E88 /* AutomagicCoding.app */;
			productType = "com.apple.product-type.application";
		};
		6D6B98AD140E162700835E88 /* AutomagicCodingTests */ = {
			isa = PBXNativeTarget;
			buildConfigurationList = 6D6B98C3140E162700835E88 /* Build configuration list for PBXNativeTarget "AutomagicCodingTests" */;
			buildPhases = (
				6D6B98A9140E162700835E88 /* Sources */,
				6D6B98AA140E162700835E88 /* Frameworks */,
				6D6B98AB140E162700835E88 /* Resources */,
				FD41F3DC1484E49700F9B341 /* ShellScript */,
			);
			buildRules = (
			);
			dependencies = (
			);
			name = AutomagicCodingTests;
			productName = AutomagicCodingTests;
			productReference = 6D6B98AE140E162700835E88 /* AutomagicCodingTests.octest */;
			productType = "com.apple.product-type.bundle";
		};
		FDB80CC3149D3089001E95AA /* AutomagicCodingTests AMC_NO_THROW */ = {
			isa = PBXNativeTarget;
			buildConfigurationList = FDB80CD8149D3089001E95AA /* Build configuration list for PBXNativeTarget "AutomagicCodingTests AMC_NO_THROW" */;
			buildPhases = (
				FDB80CC4149D3089001E95AA /* Sources */,
				FDB80CD1149D3089001E95AA /* Frameworks */,
				FDB80CD4149D3089001E95AA /* Resources */,
				FDB80CD7149D3089001E95AA /* ShellScript */,
			);
			buildRules = (
			);
			dependencies = (
			);
			name = "AutomagicCodingTests AMC_NO_THROW";
			productName = AutomagicCodingTests;
			productReference = FDB80CDB149D3089001E95AA /* AutomagicCodingTests-NO_THROW.octest */;
			productType = "com.apple.product-type.bundle";
		};
/* End PBXNativeTarget section */

/* Begin PBXProject section */
		6D6B9884140E162600835E88 /* Project object */ = {
			isa = PBXProject;
			attributes = {
				LastUpgradeCheck = 0420;
			};
			buildConfigurationList = 6D6B9887140E162600835E88 /* Build configuration list for PBXProject "AutomagicCoding" */;
			compatibilityVersion = "Xcode 3.2";
			developmentRegion = English;
			hasScannedForEncodings = 0;
			knownRegions = (
				en,
			);
			mainGroup = 6D6B9882140E162600835E88;
			productRefGroup = 6D6B988E140E162700835E88 /* Products */;
			projectDirPath = "";
			projectRoot = "";
			targets = (
				6D6B988C140E162700835E88 /* AutomagicCoding */,
				6D6B98AD140E162700835E88 /* AutomagicCodingTests */,
				FDB80CC3149D3089001E95AA /* AutomagicCodingTests AMC_NO_THROW */,
			);
		};
/* End PBXProject section */

/* Begin PBXResourcesBuildPhase section */
		6D6B988B140E162700835E88 /* Resources */ = {
			isa = PBXResourcesBuildPhase;
			buildActionMask = 2147483647;
			files = (
				FDB80D6F149E2AF8001E95AA /* Credits.rtf in Resources */,
				FDB80D72149E2AF8001E95AA /* InfoPlist.strings in Resources */,
				FDB80D75149E2AF8001E95AA /* MainMenu.xib in Resources */,
			);
			runOnlyForDeploymentPostprocessing = 0;
		};
		6D6B98AB140E162700835E88 /* Resources */ = {
			isa = PBXResourcesBuildPhase;
			buildActionMask = 2147483647;
			files = (
				FDB80D85149E2AF8001E95AA /* InfoPlist.strings in Resources */,
			);
			runOnlyForDeploymentPostprocessing = 0;
		};
		FDB80CD4149D3089001E95AA /* Resources */ = {
			isa = PBXResourcesBuildPhase;
			buildActionMask = 2147483647;
			files = (
				FDB80D86149E2AF8001E95AA /* InfoPlist.strings in Resources */,
			);
			runOnlyForDeploymentPostprocessing = 0;
		};
/* End PBXResourcesBuildPhase section */

/* Begin PBXShellScriptBuildPhase section */
		FD41F3DC1484E49700F9B341 /* ShellScript */ = {
			isa = PBXShellScriptBuildPhase;
			buildActionMask = 2147483647;
			files = (
			);
			inputPaths = (
			);
			outputPaths = (
			);
			runOnlyForDeploymentPostprocessing = 0;
			shellPath = /bin/sh;
			shellScript = "# Run the unit tests in this test bundle.\n\"${SYSTEM_DEVELOPER_DIR}/Tools/RunUnitTests\"";
		};
		FDB80CD7149D3089001E95AA /* ShellScript */ = {
			isa = PBXShellScriptBuildPhase;
			buildActionMask = 2147483647;
			files = (
			);
			inputPaths = (
			);
			outputPaths = (
			);
			runOnlyForDeploymentPostprocessing = 0;
			shellPath = /bin/sh;
			shellScript = "# Run the unit tests in this test bundle.\n\"${SYSTEM_DEVELOPER_DIR}/Tools/RunUnitTests\"";
		};
/* End PBXShellScriptBuildPhase section */

/* Begin PBXSourcesBuildPhase section */
		6D6B9889140E162700835E88 /* Sources */ = {
			isa = PBXSourcesBuildPhase;
			buildActionMask = 2147483647;
			files = (
				6D6B98CE140E2A3B00835E88 /* NSObject+AutoMagicCoding.m in Sources */,
				FDB80D6C149E2AF8001E95AA /* AutomagicCodingAppDelegate.m in Sources */,
				FDB80D78149E2AF8001E95AA /* main.m in Sources */,
			);
			runOnlyForDeploymentPostprocessing = 0;
		};
		6D6B98A9140E162700835E88 /* Sources */ = {
			isa = PBXSourcesBuildPhase;
			buildActionMask = 2147483647;
			files = (
				6D6B98DB140E671B00835E88 /* NSObject+AutoMagicCoding.m in Sources */,
				FDB80DA0149E2B5E001E95AA /* AMCCollectionsTest.m in Sources */,
				FDB80DA2149E2B5E001E95AA /* AMCExceptionsTest.m in Sources */,
				FDB80DA4149E2B5E001E95AA /* AMCTest.m in Sources */,
				FDB80DA6149E2B5E001E95AA /* AMCTestSimple.m in Sources */,
				FDB80DA8149E2B5E001E95AA /* Bar.m in Sources */,
				FDB80DAA149E2B5E001E95AA /* CCArray.m in Sources */,
				FDB80DAC149E2B5E001E95AA /* Foo.m in Sources */,
				FDB80DAE149E2B5E001E95AA /* FooWithCollections.m in Sources */,
				FDB80DB0149E2B5E001E95AA /* FooWithCustomCollection.m in Sources */,
				FDB80DB2149E2B5E001E95AA /* FooWithMutableCollections.m in Sources */,
				FDB80DB4149E2B5E001E95AA /* FooWithSctructs.m in Sources */,
			);
			runOnlyForDeploymentPostprocessing = 0;
		};
		FDB80CC4149D3089001E95AA /* Sources */ = {
			isa = PBXSourcesBuildPhase;
			buildActionMask = 2147483647;
			files = (
				FDB80CC5149D3089001E95AA /* NSObject+AutoMagicCoding.m in Sources */,
				FDB80DA1149E2B5E001E95AA /* AMCCollectionsTest.m in Sources */,
				FDB80DA3149E2B5E001E95AA /* AMCExceptionsTest.m in Sources */,
				FDB80DA5149E2B5E001E95AA /* AMCTest.m in Sources */,
				FDB80DA7149E2B5E001E95AA /* AMCTestSimple.m in Sources */,
				FDB80DA9149E2B5E001E95AA /* Bar.m in Sources */,
				FDB80DAB149E2B5E001E95AA /* CCArray.m in Sources */,
				FDB80DAD149E2B5E001E95AA /* Foo.m in Sources */,
				FDB80DAF149E2B5E001E95AA /* FooWithCollections.m in Sources */,
				FDB80DB1149E2B5E001E95AA /* FooWithCustomCollection.m in Sources */,
				FDB80DB3149E2B5E001E95AA /* FooWithMutableCollections.m in Sources */,
				FDB80DB5149E2B5E001E95AA /* FooWithSctructs.m in Sources */,
			);
			runOnlyForDeploymentPostprocessing = 0;
		};
/* End PBXSourcesBuildPhase section */

/* Begin PBXTargetDependency section */
		FDB80CEB149E095B001E95AA /* PBXTargetDependency */ = {
			isa = PBXTargetDependency;
			target = 6D6B98AD140E162700835E88 /* AutomagicCodingTests */;
			targetProxy = FDB80CEA149E095B001E95AA /* PBXContainerItemProxy */;
		};
		FDB80CED149E095B001E95AA /* PBXTargetDependency */ = {
			isa = PBXTargetDependency;
			target = FDB80CC3149D3089001E95AA /* AutomagicCodingTests AMC_NO_THROW */;
			targetProxy = FDB80CEC149E095B001E95AA /* PBXContainerItemProxy */;
		};
/* End PBXTargetDependency section */

/* Begin PBXVariantGroup section */
		FDB80D42149E2AF8001E95AA /* Credits.rtf */ = {
			isa = PBXVariantGroup;
			children = (
				FDB80D43149E2AF8001E95AA /* en */,
			);
			name = Credits.rtf;
			sourceTree = "<group>";
		};
		FDB80D44149E2AF8001E95AA /* InfoPlist.strings */ = {
			isa = PBXVariantGroup;
			children = (
				FDB80D45149E2AF8001E95AA /* en */,
			);
			name = InfoPlist.strings;
			sourceTree = "<group>";
		};
		FDB80D46149E2AF8001E95AA /* MainMenu.xib */ = {
			isa = PBXVariantGroup;
			children = (
				FDB80D47149E2AF8001E95AA /* en */,
			);
			name = MainMenu.xib;
			sourceTree = "<group>";
		};
		FDB80D4F149E2AF8001E95AA /* InfoPlist.strings */ = {
			isa = PBXVariantGroup;
			children = (
				FDB80D50149E2AF8001E95AA /* en */,
			);
			name = InfoPlist.strings;
			sourceTree = "<group>";
		};
/* End PBXVariantGroup section */

/* Begin XCBuildConfiguration section */
		6D6B98BE140E162700835E88 /* Debug */ = {
			isa = XCBuildConfiguration;
			buildSettings = {
				ALWAYS_SEARCH_USER_PATHS = NO;
				ARCHS = "$(ARCHS_STANDARD_32_64_BIT)";
				COPY_PHASE_STRIP = NO;
				GCC_C_LANGUAGE_STANDARD = gnu99;
				GCC_DYNAMIC_NO_PIC = NO;
				GCC_ENABLE_OBJC_EXCEPTIONS = YES;
				GCC_GENERATE_TEST_COVERAGE_FILES = NO;
				GCC_OPTIMIZATION_LEVEL = 0;
				GCC_PREPROCESSOR_DEFINITIONS = (
					"DEBUG=1",
					"$(inherited)",
				);
				GCC_SYMBOLS_PRIVATE_EXTERN = NO;
				GCC_VERSION = com.apple.compilers.llvm.clang.1_0;
				GCC_WARN_64_TO_32_BIT_CONVERSION = YES;
				GCC_WARN_ABOUT_MISSING_PROTOTYPES = YES;
				GCC_WARN_ABOUT_RETURN_TYPE = YES;
				GCC_WARN_UNUSED_VARIABLE = YES;
				MACOSX_DEPLOYMENT_TARGET = 10.7;
				ONLY_ACTIVE_ARCH = NO;
				SDKROOT = macosx;
				TEST_AFTER_BUILD = YES;
			};
			name = Debug;
		};
		6D6B98BF140E162700835E88 /* Release */ = {
			isa = XCBuildConfiguration;
			buildSettings = {
				ALWAYS_SEARCH_USER_PATHS = NO;
				ARCHS = "$(ARCHS_STANDARD_32_64_BIT)";
				COPY_PHASE_STRIP = YES;
				DEBUG_INFORMATION_FORMAT = "dwarf-with-dsym";
				GCC_C_LANGUAGE_STANDARD = gnu99;
				GCC_ENABLE_OBJC_EXCEPTIONS = YES;
				GCC_GENERATE_TEST_COVERAGE_FILES = NO;
				GCC_VERSION = com.apple.compilers.llvm.clang.1_0;
				GCC_WARN_64_TO_32_BIT_CONVERSION = YES;
				GCC_WARN_ABOUT_MISSING_PROTOTYPES = YES;
				GCC_WARN_ABOUT_RETURN_TYPE = YES;
				GCC_WARN_UNUSED_VARIABLE = YES;
				MACOSX_DEPLOYMENT_TARGET = 10.7;
				ONLY_ACTIVE_ARCH = NO;
				SDKROOT = macosx;
				TEST_AFTER_BUILD = YES;
			};
			name = Release;
		};
		6D6B98C1140E162700835E88 /* Debug */ = {
			isa = XCBuildConfiguration;
			buildSettings = {
				FRAMEWORK_SEARCH_PATHS = (
					"$(inherited)",
					"\"$(DEVELOPER_FRAMEWORKS_DIR)\"",
				);
				GCC_PRECOMPILE_PREFIX_HEADER = YES;
				GCC_PREFIX_HEADER = "SupportingFiles/SupportingFiles-Mac/AutomagicCoding-Prefix.pch";
				INFOPLIST_FILE = "SupportingFiles/SupportingFiles-Mac/AutomagicCoding-Info.plist";
				PRODUCT_NAME = "$(TARGET_NAME)";
				TEST_AFTER_BUILD = YES;
				TEST_HOST = "";
				TEST_RIG = "";
				WRAPPER_EXTENSION = app;
			};
			name = Debug;
		};
		6D6B98C2140E162700835E88 /* Release */ = {
			isa = XCBuildConfiguration;
			buildSettings = {
				FRAMEWORK_SEARCH_PATHS = (
					"$(inherited)",
					"\"$(DEVELOPER_FRAMEWORKS_DIR)\"",
				);
				GCC_PRECOMPILE_PREFIX_HEADER = YES;
				GCC_PREFIX_HEADER = "SupportingFiles/SupportingFiles-Mac/AutomagicCoding-Prefix.pch";
				INFOPLIST_FILE = "SupportingFiles/SupportingFiles-Mac/AutomagicCoding-Info.plist";
				PRODUCT_NAME = "$(TARGET_NAME)";
				TEST_AFTER_BUILD = YES;
				TEST_HOST = "";
				TEST_RIG = "";
				WRAPPER_EXTENSION = app;
			};
			name = Release;
		};
		6D6B98C4140E162700835E88 /* Debug */ = {
			isa = XCBuildConfiguration;
			buildSettings = {
				BUNDLE_LOADER = "";
				FRAMEWORK_SEARCH_PATHS = "$(DEVELOPER_LIBRARY_DIR)/Frameworks";
				GCC_GENERATE_TEST_COVERAGE_FILES = NO;
				GCC_PRECOMPILE_PREFIX_HEADER = YES;
				GCC_PREFIX_HEADER = "SupportingFiles/SupportingFiles-Mac/AutomagicCoding-Prefix.pch";
				INFOPLIST_FILE = "SupportingFiles/SupportingFiles-Tests-Mac/AutomagicCodingTests-Info.plist";
				PRODUCT_NAME = "$(TARGET_NAME)";
				TEST_HOST = "";
				WRAPPER_EXTENSION = octest;
			};
			name = Debug;
		};
		6D6B98C5140E162700835E88 /* Release */ = {
			isa = XCBuildConfiguration;
			buildSettings = {
				BUNDLE_LOADER = "";
				FRAMEWORK_SEARCH_PATHS = "$(DEVELOPER_LIBRARY_DIR)/Frameworks";
				GCC_GENERATE_TEST_COVERAGE_FILES = NO;
				GCC_PRECOMPILE_PREFIX_HEADER = YES;
				GCC_PREFIX_HEADER = "SupportingFiles/SupportingFiles-Mac/AutomagicCoding-Prefix.pch";
				INFOPLIST_FILE = "SupportingFiles/SupportingFiles-Tests-Mac/AutomagicCodingTests-Info.plist";
				PRODUCT_NAME = "$(TARGET_NAME)";
				TEST_HOST = "";
				WRAPPER_EXTENSION = octest;
			};
			name = Release;
		};
		FDB80CD9149D3089001E95AA /* Debug */ = {
			isa = XCBuildConfiguration;
			buildSettings = {
				BUNDLE_LOADER = "";
				FRAMEWORK_SEARCH_PATHS = "$(DEVELOPER_LIBRARY_DIR)/Frameworks";
				GCC_PRECOMPILE_PREFIX_HEADER = YES;
				GCC_PREFIX_HEADER = "SupportingFiles/SupportingFiles-Mac/AutomagicCoding-Prefix.pch";
				GCC_PREPROCESSOR_DEFINITIONS = (
					AMC_NO_THROW,
					"DEBUG=1",
					"$(inherited)",
				);
				INFOPLIST_FILE = "SupportingFiles/SupportingFiles-Tests-Mac/AutomagicCodingTests-Info.plist";
				PRODUCT_NAME = "AutomagicCodingTests-NO_THROW";
				TEST_HOST = "";
				WRAPPER_EXTENSION = octest;
			};
			name = Debug;
		};
		FDB80CDA149D3089001E95AA /* Release */ = {
			isa = XCBuildConfiguration;
			buildSettings = {
				BUNDLE_LOADER = "";
				FRAMEWORK_SEARCH_PATHS = "$(DEVELOPER_LIBRARY_DIR)/Frameworks";
				GCC_PRECOMPILE_PREFIX_HEADER = YES;
				GCC_PREFIX_HEADER = "SupportingFiles/SupportingFiles-Mac/AutomagicCoding-Prefix.pch";
				GCC_PREPROCESSOR_DEFINITIONS = AMC_NO_THROW;
				INFOPLIST_FILE = "SupportingFiles/SupportingFiles-Tests-Mac/AutomagicCodingTests-Info.plist";
				PRODUCT_NAME = "AutomagicCodingTests-NO_THROW";
				TEST_HOST = "";
				WRAPPER_EXTENSION = octest;
			};
			name = Release;
		};
/* End XCBuildConfiguration section */

/* Begin XCConfigurationList section */
		6D6B9887140E162600835E88 /* Build configuration list for PBXProject "AutomagicCoding" */ = {
			isa = XCConfigurationList;
			buildConfigurations = (
				6D6B98BE140E162700835E88 /* Debug */,
				6D6B98BF140E162700835E88 /* Release */,
			);
			defaultConfigurationIsVisible = 0;
			defaultConfigurationName = Release;
		};
		6D6B98C0140E162700835E88 /* Build configuration list for PBXNativeTarget "AutomagicCoding" */ = {
			isa = XCConfigurationList;
			buildConfigurations = (
				6D6B98C1140E162700835E88 /* Debug */,
				6D6B98C2140E162700835E88 /* Release */,
			);
			defaultConfigurationIsVisible = 0;
			defaultConfigurationName = Release;
		};
		6D6B98C3140E162700835E88 /* Build configuration list for PBXNativeTarget "AutomagicCodingTests" */ = {
			isa = XCConfigurationList;
			buildConfigurations = (
				6D6B98C4140E162700835E88 /* Debug */,
				6D6B98C5140E162700835E88 /* Release */,
			);
			defaultConfigurationIsVisible = 0;
			defaultConfigurationName = Release;
		};
		FDB80CD8149D3089001E95AA /* Build configuration list for PBXNativeTarget "AutomagicCodingTests AMC_NO_THROW" */ = {
			isa = XCConfigurationList;
			buildConfigurations = (
				FDB80CD9149D3089001E95AA /* Debug */,
				FDB80CDA149D3089001E95AA /* Release */,
			);
			defaultConfigurationIsVisible = 0;
			defaultConfigurationName = Release;
		};
/* End XCConfigurationList section */
	};
	rootObject = 6D6B9884140E162600835E88 /* Project object */;
}
